
Microsoft Visual Studio Solution File, Format Version 12.00
# Visual Studio Version 18
VisualStudioVersion = 18.2.11415.280
MinimumVisualStudioVersion = 10.0.40219.1
Project("{9A19103F-16F7-4668-BE54-9A1E7A4F7556}") = "StreamJsonRpc.Sample.Client", "StreamJsonRpc.Sample.Client\StreamJsonRpc.Sample.Client.csproj", "{26BF246E-A3B0-4742-B97F-EAD1033E5145}"
	ProjectSection(ProjectDependencies) = postProject
		{BA923639-F1E6-49F2-9A29-0C10787BA2C8} = {BA923639-F1E6-49F2-9A29-0C10787BA2C8}
	EndProjectSection
EndProject
Project("{9A19103F-16F7-4668-BE54-9A1E7A4F7556}") = "StreamJsonRpc.Sample.Server", "StreamJsonRpc.Sample.Server\StreamJsonRpc.Sample.Server.csproj", "{BA923639-F1E6-49F2-9A29-0C10787BA2C8}"
EndProject
Project("{2150E333-8FDC-42A3-9474-1A3956D46DE8}") = "NamedPipe or StdIO", "NamedPipe or StdIO", "{42337919-7106-44EE-B66B-139141083103}"
EndProject
Project("{2150E333-8FDC-42A3-9474-1A3956D46DE8}") = "WebSocket", "WebSocket", "{A8A4C0AF-E386-477D-A3FE-4AAEB8F43E89}"
EndProject
Project("{9A19103F-16F7-4668-BE54-9A1E7A4F7556}") = "StreamJsonRpc.Sample.WebSocketClient", "StreamJsonRpc.Sample.WebSocketClient\StreamJsonRpc.Sample.WebSocketClient.csproj", "{2BB78FEC-1A6C-4E33-8B11-C2819C4BB576}"
EndProject
Project("{2150E333-8FDC-42A3-9474-1A3956D46DE8}") = "Solution Items", "Solution Items", "{786FFEC9-9F31-420E-86B8-08F729E6DAC7}"
	ProjectSection(SolutionItems) = preProject
		.editorconfig = .editorconfig
	EndProjectSection
EndProject
Project("{FAE04EC0-301F-11D3-BF4B-00C04F79EFBC}") = "StreamJsonRpc.Sample.Web", "StreamJsonRpc.Sample.Web\StreamJsonRpc.Sample.Web.csproj", "{39866C31-686E-4B5D-AA76-DF0FCACCDE29}"
EndProject
Project("{FAE04EC0-301F-11D3-BF4B-00C04F79EFBC}") = "NativeAOTCompatibility.Test", "NativeAOTCompatibility.Test\NativeAOTCompatibility.Test.csproj", "{3ECB8337-48D2-0080-2BC3-36144CCE2918}"
EndProject
Project("{2150E333-8FDC-42A3-9474-1A3956D46DE8}") = "Reactive", "Reactive", "{7D2E3071-BC60-4782-820E-0F02E301F65E}"
EndProject
Project("{FAE04EC0-301F-11D3-BF4B-00C04F79EFBC}") = "StreamJsonRpc.Reactive.Server", "StreamJsonRpc.Reactive.Server\StreamJsonRpc.Reactive.Server.csproj", "{86EFC48D-64A4-E38D-0BB9-B1A4FE936A66}"
EndProject
Project("{FAE04EC0-301F-11D3-BF4B-00C04F79EFBC}") = "StreamJsonRpc.Reactive.Client", "StreamJsonRpc.Reactive.Client\StreamJsonRpc.Reactive.Client.csproj", "{BDE11115-4557-22CA-AB7A-997605980F1A}"
EndProject
Project("{2150E333-8FDC-42A3-9474-1A3956D46DE8}") = "AOT", "AOT", "{40F0EBA1-5464-4A6A-99DB-84F7E2629211}"
EndProject
Project("{FAE04EC0-301F-11D3-BF4B-00C04F79EFBC}") = "StreamJsonRpc.Aot.Server", "StreamJsonRpc.Aot.Server\StreamJsonRpc.Aot.Server.csproj", "{2B18D14A-7E1A-AC36-D430-EE868AE9E376}"
EndProject
Project("{FAE04EC0-301F-11D3-BF4B-00C04F79EFBC}") = "StreamJsonRpc.Aot.Client", "StreamJsonRpc.Aot.Client\StreamJsonRpc.Aot.Client.csproj", "{12744593-00D1-7741-C017-26FB566D70B8}"
EndProject
Project("{FAE04EC0-301F-11D3-BF4B-00C04F79EFBC}") = "Benchmarks", "Benchmarks\Benchmarks.csproj", "{2311A35A-630F-8D56-15CD-BBB525570F8F}"
EndProject
Project("{FAE04EC0-301F-11D3-BF4B-00C04F79EFBC}") = "StreamJsonRpc.Jit.Client", "StreamJsonRpc.Jit.Client\StreamJsonRpc.Jit.Client.csproj", "{DE611607-A591-70ED-8661-5AEE2772722D}"
EndProject
Global
	GlobalSection(SolutionConfigurationPlatforms) = preSolution
		Debug|Any CPU = Debug|Any CPU
		Release|Any CPU = Release|Any CPU
	EndGlobalSection
	GlobalSection(ProjectConfigurationPlatforms) = postSolution
		{26BF246E-A3B0-4742-B97F-EAD1033E5145}.Debug|Any CPU.ActiveCfg = Debug|Any CPU
		{26BF246E-A3B0-4742-B97F-EAD1033E5145}.Debug|Any CPU.Build.0 = Debug|Any CPU
		{26BF246E-A3B0-4742-B97F-EAD1033E5145}.Release|Any CPU.ActiveCfg = Release|Any CPU
		{26BF246E-A3B0-4742-B97F-EAD1033E5145}.Release|Any CPU.Build.0 = Release|Any CPU
		{BA923639-F1E6-49F2-9A29-0C10787BA2C8}.Debug|Any CPU.ActiveCfg = Debug|Any CPU
		{BA923639-F1E6-49F2-9A29-0C10787BA2C8}.Debug|Any CPU.Build.0 = Debug|Any CPU
		{BA923639-F1E6-49F2-9A29-0C10787BA2C8}.Release|Any CPU.ActiveCfg = Release|Any CPU
		{BA923639-F1E6-49F2-9A29-0C10787BA2C8}.Release|Any CPU.Build.0 = Release|Any CPU
		{2BB78FEC-1A6C-4E33-8B11-C2819C4BB576}.Debug|Any CPU.ActiveCfg = Debug|Any CPU
		{2BB78FEC-1A6C-4E33-8B11-C2819C4BB576}.Debug|Any CPU.Build.0 = Debug|Any CPU
		{2BB78FEC-1A6C-4E33-8B11-C2819C4BB576}.Release|Any CPU.ActiveCfg = Release|Any CPU
		{2BB78FEC-1A6C-4E33-8B11-C2819C4BB576}.Release|Any CPU.Build.0 = Release|Any CPU
		{39866C31-686E-4B5D-AA76-DF0FCACCDE29}.Debug|Any CPU.ActiveCfg = Debug|Any CPU
		{39866C31-686E-4B5D-AA76-DF0FCACCDE29}.Debug|Any CPU.Build.0 = Debug|Any CPU
		{39866C31-686E-4B5D-AA76-DF0FCACCDE29}.Release|Any CPU.ActiveCfg = Release|Any CPU
		{39866C31-686E-4B5D-AA76-DF0FCACCDE29}.Release|Any CPU.Build.0 = Release|Any CPU
		{3ECB8337-48D2-0080-2BC3-36144CCE2918}.Debug|Any CPU.ActiveCfg = Debug|Any CPU
		{3ECB8337-48D2-0080-2BC3-36144CCE2918}.Debug|Any CPU.Build.0 = Debug|Any CPU
		{3ECB8337-48D2-0080-2BC3-36144CCE2918}.Release|Any CPU.ActiveCfg = Release|Any CPU
		{3ECB8337-48D2-0080-2BC3-36144CCE2918}.Release|Any CPU.Build.0 = Release|Any CPU
		{86EFC48D-64A4-E38D-0BB9-B1A4FE936A66}.Debug|Any CPU.ActiveCfg = Debug|Any CPU
		{86EFC48D-64A4-E38D-0BB9-B1A4FE936A66}.Debug|Any CPU.Build.0 = Debug|Any CPU
		{86EFC48D-64A4-E38D-0BB9-B1A4FE936A66}.Release|Any CPU.ActiveCfg = Release|Any CPU
		{86EFC48D-64A4-E38D-0BB9-B1A4FE936A66}.Release|Any CPU.Build.0 = Release|Any CPU
		{BDE11115-4557-22CA-AB7A-997605980F1A}.Debug|Any CPU.ActiveCfg = Debug|Any CPU
		{BDE11115-4557-22CA-AB7A-997605980F1A}.Debug|Any CPU.Build.0 = Debug|Any CPU
		{BDE11115-4557-22CA-AB7A-997605980F1A}.Release|Any CPU.ActiveCfg = Release|Any CPU
		{BDE11115-4557-22CA-AB7A-997605980F1A}.Release|Any CPU.Build.0 = Release|Any CPU
		{2B18D14A-7E1A-AC36-D430-EE868AE9E376}.Debug|Any CPU.ActiveCfg = Debug|Any CPU
		{2B18D14A-7E1A-AC36-D430-EE868AE9E376}.Debug|Any CPU.Build.0 = Debug|Any CPU
		{2B18D14A-7E1A-AC36-D430-EE868AE9E376}.Release|Any CPU.ActiveCfg = Release|Any CPU
		{2B18D14A-7E1A-AC36-D430-EE868AE9E376}.Release|Any CPU.Build.0 = Release|Any CPU
		{12744593-00D1-7741-C017-26FB566D70B8}.Debug|Any CPU.ActiveCfg = Debug|Any CPU
		{12744593-00D1-7741-C017-26FB566D70B8}.Debug|Any CPU.Build.0 = Debug|Any CPU
		{12744593-00D1-7741-C017-26FB566D70B8}.Release|Any CPU.ActiveCfg = Release|Any CPU
		{12744593-00D1-7741-C017-26FB566D70B8}.Release|Any CPU.Build.0 = Release|Any CPU
		{2311A35A-630F-8D56-15CD-BBB525570F8F}.Debug|Any CPU.ActiveCfg = Debug|Any CPU
		{2311A35A-630F-8D56-15CD-BBB525570F8F}.Debug|Any CPU.Build.0 = Debug|Any CPU
		{2311A35A-630F-8D56-15CD-BBB525570F8F}.Release|Any CPU.ActiveCfg = Release|Any CPU
		{2311A35A-630F-8D56-15CD-BBB525570F8F}.Release|Any CPU.Build.0 = Release|Any CPU
		{DE611607-A591-70ED-8661-5AEE2772722D}.Debug|Any CPU.ActiveCfg = Debug|Any CPU
		{DE611607-A591-70ED-8661-5AEE2772722D}.Debug|Any CPU.Build.0 = Debug|Any CPU
		{DE611607-A591-70ED-8661-5AEE2772722D}.Release|Any CPU.ActiveCfg = Release|Any CPU
		{DE611607-A591-70ED-8661-5AEE2772722D}.Release|Any CPU.Build.0 = Release|Any CPU
	EndGlobalSection
	GlobalSection(SolutionProperties) = preSolution
		HideSolutionNode = FALSE
	EndGlobalSection
	GlobalSection(NestedProjects) = preSolution
		{26BF246E-A3B0-4742-B97F-EAD1033E5145} = {42337919-7106-44EE-B66B-139141083103}
		{BA923639-F1E6-49F2-9A29-0C10787BA2C8} = {42337919-7106-44EE-B66B-139141083103}
		{2BB78FEC-1A6C-4E33-8B11-C2819C4BB576} = {A8A4C0AF-E386-477D-A3FE-4AAEB8F43E89}
		{39866C31-686E-4B5D-AA76-DF0FCACCDE29} = {A8A4C0AF-E386-477D-A3FE-4AAEB8F43E89}
		{86EFC48D-64A4-E38D-0BB9-B1A4FE936A66} = {7D2E3071-BC60-4782-820E-0F02E301F65E}
		{BDE11115-4557-22CA-AB7A-997605980F1A} = {7D2E3071-BC60-4782-820E-0F02E301F65E}
		{2B18D14A-7E1A-AC36-D430-EE868AE9E376} = {40F0EBA1-5464-4A6A-99DB-84F7E2629211}
		{12744593-00D1-7741-C017-26FB566D70B8} = {40F0EBA1-5464-4A6A-99DB-84F7E2629211}
		{DE611607-A591-70ED-8661-5AEE2772722D} = {40F0EBA1-5464-4A6A-99DB-84F7E2629211}
	EndGlobalSection
	GlobalSection(ExtensibilityGlobals) = postSolution
		SolutionGuid = {D362BF52-6BAF-410F-A6F8-44CD54B274F0}
	EndGlobalSection
EndGlobal
